// !$*UTF8*$!
{
	archiveVersion = 1;
	classes = {
	};
	objectVersion = 46;
	objects = {

/* Begin PBXBuildFile section */
		63388D011B38EA2800142467 /* AppDelegate.swift in Sources */ = {isa = PBXBuildFile; fileRef = 63388D001B38EA2800142467 /* AppDelegate.swift */; };
		63388D031B38EA2800142467 /* ViewController.swift in Sources */ = {isa = PBXBuildFile; fileRef = 63388D021B38EA2800142467 /* ViewController.swift */; };
		63388D061B38EA2800142467 /* Main.storyboard in Resources */ = {isa = PBXBuildFile; fileRef = 63388D041B38EA2800142467 /* Main.storyboard */; };
		63388D081B38EA2800142467 /* Images.xcassets in Resources */ = {isa = PBXBuildFile; fileRef = 63388D071B38EA2800142467 /* Images.xcassets */; };
		63388D0B1B38EA2800142467 /* LaunchScreen.xib in Resources */ = {isa = PBXBuildFile; fileRef = 63388D091B38EA2800142467 /* LaunchScreen.xib */; };
		63388D171B38EA2800142467 /* PostcardTests.swift in Sources */ = {isa = PBXBuildFile; fileRef = 63388D161B38EA2800142467 /* PostcardTests.swift */; };
		63388D211B3A298000142467 /* SagradaFamilia.jpeg in Resources */ = {isa = PBXBuildFile; fileRef = 63388D201B3A298000142467 /* SagradaFamilia.jpeg */; };
		63388D231B3A2C6900142467 /* AlbertEinsteinStamp.jpg in Resources */ = {isa = PBXBuildFile; fileRef = 63388D221B3A2C6900142467 /* AlbertEinsteinStamp.jpg */; };
/* End PBXBuildFile section */

/* Begin PBXContainerItemProxy section */
		63388D111B38EA2800142467 /* PBXContainerItemProxy */ = {
			isa = PBXContainerItemProxy;
			containerPortal = 63388CF31B38EA2800142467 /* Project object */;
			proxyType = 1;
			remoteGlobalIDString = 63388CFA1B38EA2800142467;
			remoteInfo = Postcard;
		};
/* End PBXContainerItemProxy section */

/* Begin PBXFileReference section */
		63388CFB1B38EA2800142467 /* Postcard.app */ = {isa = PBXFileReference; explicitFileType = wrapper.application; includeInIndex = 0; path = Postcard.app; sourceTree = BUILT_PRODUCTS_DIR; };
		63388CFF1B38EA2800142467 /* Info.plist */ = {isa = PBXFileReference; lastKnownFileType = text.plist.xml; path = Info.plist; sourceTree = "<group>"; };
		63388D001B38EA2800142467 /* AppDelegate.swift */ = {isa = PBXFileReference; lastKnownFileType = sourcecode.swift; path = AppDelegate.swift; sourceTree = "<group>"; };
		63388D021B38EA2800142467 /* ViewController.swift */ = {isa = PBXFileReference; lastKnownFileType = sourcecode.swift; path = ViewController.swift; sourceTree = "<group>"; };
		63388D051B38EA2800142467 /* Base */ = {isa = PBXFileReference; lastKnownFileType = file.storyboard; name = Base; path = Base.lproj/Main.storyboard; sourceTree = "<group>"; };
		63388D071B38EA2800142467 /* Images.xcassets */ = {isa = PBXFileReference; lastKnownFileType = folder.assetcatalog; path = Images.xcassets; sourceTree = "<group>"; };
		63388D0A1B38EA2800142467 /* Base */ = {isa = PBXFileReference; lastKnownFileType = file.xib; name = Base; path = Base.lproj/LaunchScreen.xib; sourceTree = "<group>"; };
		63388D101B38EA2800142467 /* PostcardTests.xctest */ = {isa = PBXFileReference; explicitFileType = wrapper.cfbundle; includeInIndex = 0; path = PostcardTests.xctest; sourceTree = BUILT_PRODUCTS_DIR; };
		63388D151B38EA2800142467 /* Info.plist */ = {isa = PBXFileReference; lastKnownFileType = text.plist.xml; path = Info.plist; sourceTree = "<group>"; };
		63388D161B38EA2800142467 /* PostcardTests.swift */ = {isa = PBXFileReference; lastKnownFileType = sourcecode.swift; path = PostcardTests.swift; sourceTree = "<group>"; };
		63388D201B3A298000142467 /* SagradaFamilia.jpeg */ = {isa = PBXFileReference; lastKnownFileType = image.jpeg; path = SagradaFamilia.jpeg; sourceTree = "<group>"; };
		63388D221B3A2C6900142467 /* AlbertEinsteinStamp.jpg */ = {isa = PBXFileReference; lastKnownFileType = image.jpeg; path = AlbertEinsteinStamp.jpg; sourceTree = "<group>"; };
/* End PBXFileReference section */

/* Begin PBXFrameworksBuildPhase section */
		63388CF81B38EA2800142467 /* Frameworks */ = {
			isa = PBXFrameworksBuildPhase;
			buildActionMask = 2147483647;
			files = (
			);
			runOnlyForDeploymentPostprocessing = 0;
		};
		63388D0D1B38EA2800142467 /* Frameworks */ = {
			isa = PBXFrameworksBuildPhase;
			buildActionMask = 2147483647;
			files = (
			);
			runOnlyForDeploymentPostprocessing = 0;
		};
/* End PBXFrameworksBuildPhase section */

/* Begin PBXGroup section */
		63388CF21B38EA2800142467 = {
			isa = PBXGroup;
			children = (
				63388CFD1B38EA2800142467 /* Postcard */,
				63388D131B38EA2800142467 /* PostcardTests */,
				63388CFC1B38EA2800142467 /* Products */,
			);
			sourceTree = "<group>";
		};
		63388CFC1B38EA2800142467 /* Products */ = {
			isa = PBXGroup;
			children = (
				63388CFB1B38EA2800142467 /* Postcard.app */,
				63388D101B38EA2800142467 /* PostcardTests.xctest */,
			);
			name = Products;
			sourceTree = "<group>";
		};
		63388CFD1B38EA2800142467 /* Postcard */ = {
			isa = PBXGroup;
			children = (
				63388D001B38EA2800142467 /* AppDelegate.swift */,
				63388D021B38EA2800142467 /* ViewController.swift */,
				63388D041B38EA2800142467 /* Main.storyboard */,
				63388D071B38EA2800142467 /* Images.xcassets */,
				63388D091B38EA2800142467 /* LaunchScreen.xib */,
				63388CFE1B38EA2800142467 /* Supporting Files */,
			);
			path = Postcard;
			sourceTree = "<group>";
		};
		63388CFE1B38EA2800142467 /* Supporting Files */ = {
			isa = PBXGroup;
			children = (
				63388D221B3A2C6900142467 /* AlbertEinsteinStamp.jpg */,
				63388D201B3A298000142467 /* SagradaFamilia.jpeg */,
				63388CFF1B38EA2800142467 /* Info.plist */,
			);
			name = "Supporting Files";
			sourceTree = "<group>";
		};
		63388D131B38EA2800142467 /* PostcardTests */ = {
			isa = PBXGroup;
			children = (
				63388D161B38EA2800142467 /* PostcardTests.swift */,
				63388D141B38EA2800142467 /* Supporting Files */,
			);
			path = PostcardTests;
			sourceTree = "<group>";
		};
		63388D141B38EA2800142467 /* Supporting Files */ = {
			isa = PBXGroup;
			children = (
				63388D151B38EA2800142467 /* Info.plist */,
			);
			name = "Supporting Files";
			sourceTree = "<group>";
		};
/* End PBXGroup section */

/* Begin PBXNativeTarget section */
		63388CFA1B38EA2800142467 /* Postcard */ = {
			isa = PBXNativeTarget;
			buildConfigurationList = 63388D1A1B38EA2800142467 /* Build configuration list for PBXNativeTarget "Postcard" */;
			buildPhases = (
				63388CF71B38EA2800142467 /* Sources */,
				63388CF81B38EA2800142467 /* Frameworks */,
				63388CF91B38EA2800142467 /* Resources */,
			);
			buildRules = (
			);
			dependencies = (
			);
			name = Postcard;
			productName = Postcard;
			productReference = 63388CFB1B38EA2800142467 /* Postcard.app */;
			productType = "com.apple.product-type.application";
		};
		63388D0F1B38EA2800142467 /* PostcardTests */ = {
			isa = PBXNativeTarget;
			buildConfigurationList = 63388D1D1B38EA2800142467 /* Build configuration list for PBXNativeTarget "PostcardTests" */;
			buildPhases = (
				63388D0C1B38EA2800142467 /* Sources */,
				63388D0D1B38EA2800142467 /* Frameworks */,
				63388D0E1B38EA2800142467 /* Resources */,
			);
			buildRules = (
			);
			dependencies = (
				63388D121B38EA2800142467 /* PBXTargetDependency */,
			);
			name = PostcardTests;
			productName = PostcardTests;
			productReference = 63388D101B38EA2800142467 /* PostcardTests.xctest */;
			productType = "com.apple.product-type.bundle.unit-test";
		};
/* End PBXNativeTarget section */

/* Begin PBXProject section */
		63388CF31B38EA2800142467 /* Project object */ = {
			isa = PBXProject;
			attributes = {
				LastUpgradeCheck = 0630;
				ORGANIZATIONNAME = "David Nurse";
				TargetAttributes = {
					63388CFA1B38EA2800142467 = {
						CreatedOnToolsVersion = 6.3.2;
					};
					63388D0F1B38EA2800142467 = {
						CreatedOnToolsVersion = 6.3.2;
						TestTargetID = 63388CFA1B38EA2800142467;
					};
				};
			};
			buildConfigurationList = 63388CF61B38EA2800142467 /* Build configuration list for PBXProject "Postcard" */;
			compatibilityVersion = "Xcode 3.2";
			developmentRegion = English;
			hasScannedForEncodings = 0;
			knownRegions = (
				en,
				Base,
			);
			mainGroup = 63388CF21B38EA2800142467;
			productRefGroup = 63388CFC1B38EA2800142467 /* Products */;
			projectDirPath = "";
			projectRoot = "";
			targets = (
				63388CFA1B38EA2800142467 /* Postcard */,
				63388D0F1B38EA2800142467 /* PostcardTests */,
			);
		};
/* End PBXProject section */

/* Begin PBXResourcesBuildPhase section */
		63388CF91B38EA2800142467 /* Resources */ = {
			isa = PBXResourcesBuildPhase;
			buildActionMask = 2147483647;
			files = (
				63388D061B38EA2800142467 /* Main.storyboard in Resources */,
				63388D211B3A298000142467 /* SagradaFamilia.jpeg in Resources */,
				63388D231B3A2C6900142467 /* AlbertEinsteinStamp.jpg in Resources */,
				63388D0B1B38EA2800142467 /* LaunchScreen.xib in Resources */,
				63388D081B38EA2800142467 /* Images.xcassets in Resources */,
			);
			runOnlyForDeploymentPostprocessing = 0;
		};
		63388D0E1B38EA2800142467 /* Resources */ = {
			isa = PBXResourcesBuildPhase;
			buildActionMask = 2147483647;
			files = (
			);
			runOnlyForDeploymentPostprocessing = 0;
		};
/* End PBXResourcesBuildPhase section */

/* Begin PBXSourcesBuildPhase section */
		63388CF71B38EA2800142467 /* Sources */ = {
			isa = PBXSourcesBuildPhase;
			buildActionMask = 2147483647;
			files = (
				63388D031B38EA2800142467 /* ViewController.swift in Sources */,
				63388D011B38EA2800142467 /* AppDelegate.swift in Sources */,
			);
			runOnlyForDeploymentPostprocessing = 0;
		};
		63388D0C1B38EA2800142467 /* Sources */ = {
			isa = PBXSourcesBuildPhase;
			buildActionMask = 2147483647;
			files = (
				63388D171B38EA2800142467 /* PostcardTests.swift in Sources */,
			);
			runOnlyForDeploymentPostprocessing = 0;
		};
/* End PBXSourcesBuildPhase section */

/* Begin PBXTargetDependency section */
		63388D121B38EA2800142467 /* PBXTargetDependency */ = {
			isa = PBXTargetDependency;
			target = 63388CFA1B38EA2800142467 /* Postcard */;
			targetProxy = 63388D111B38EA2800142467 /* PBXContainerItemProxy */;
		};
/* End PBXTargetDependency section */

/* Begin PBXVariantGroup section */
		63388D041B38EA2800142467 /* Main.storyboard */ = {
			isa = PBXVariantGroup;
			children = (
				63388D051B38EA2800142467 /* Base */,
			);
			name = Main.storyboard;
			sourceTree = "<group>";
		};
		63388D091B38EA2800142467 /* LaunchScreen.xib */ = {
			isa = PBXVariantGroup;
			children = (
				63388D0A1B38EA2800142467 /* Base */,
			);
			name = LaunchScreen.xib;
			sourceTree = "<group>";
		};
/* End PBXVariantGroup section */

/* Begin XCBuildConfiguration section */
		63388D181B38EA2800142467 /* Debug */ = {
			isa = XCBuildConfiguration;
			buildSettings = {
				ALWAYS_SEARCH_USER_PATHS = NO;
				CLANG_CXX_LANGUAGE_STANDARD = "gnu++0x";
				CLANG_CXX_LIBRARY = "libc++";
				CLANG_ENABLE_MODULES = YES;
				CLANG_ENABLE_OBJC_ARC = YES;
				CLANG_WARN_BOOL_CONVERSION = YES;
				CLANG_WARN_CONSTANT_CONVERSION = YES;
				CLANG_WARN_DIRECT_OBJC_ISA_USAGE = YES_ERROR;
				CLANG_WARN_EMPTY_BODY = YES;
				CLANG_WARN_ENUM_CONVERSION = YES;
				CLANG_WARN_INT_CONVERSION = YES;
				CLANG_WARN_OBJC_ROOT_CLASS = YES_ERROR;
				CLANG_WARN_UNREACHABLE_CODE = YES;
				CLANG_WARN__DUPLICATE_METHOD_MATCH = YES;
				"CODE_SIGN_IDENTITY[sdk=iphoneos*]" = "iPhone Developer";
				COPY_PHASE_STRIP = NO;
				DEBUG_INFORMATION_FORMAT = "dwarf-with-dsym";
				ENABLE_STRICT_OBJC_MSGSEND = YES;
				GCC_C_LANGUAGE_STANDARD = gnu99;
				GCC_DYNAMIC_NO_PIC = NO;
				GCC_NO_COMMON_BLOCKS = YES;
				GCC_OPTIMIZATION_LEVEL = 0;
				GCC_PREPROCESSOR_DEFINITIONS = (
					"DEBUG=1",
					"$(inherited)",
				);
				GCC_SYMBOLS_PRIVATE_EXTERN = NO;
				GCC_WARN_64_TO_32_BIT_CONVERSION = YES;
				GCC_WARN_ABOUT_RETURN_TYPE = YES_ERROR;
				GCC_WARN_UNDECLARED_SELECTOR = YES;
				GCC_WARN_UNINITIALIZED_AUTOS = YES_AGGRESSIVE;
				GCC_WARN_UNUSED_FUNCTION = YES;
				GCC_WARN_UNUSED_VARIABLE = YES;
				IPHONEOS_DEPLOYMENT_TARGET = 8.3;
				MTL_ENABLE_DEBUG_INFO = YES;
				ONLY_ACTIVE_ARCH = YES;
				SDKROOT = iphoneos;
				SWIFT_OPTIMIZATION_LEVEL = "-Onone";
				TARGETED_DEVICE_FAMILY = "1,2";
			};
			name = Debug;
		};
		63388D191B38EA2800142467 /* Release */ = {
			isa = XCBuildConfiguration;
			buildSettings = {
				ALWAYS_SEARCH_USER_PATHS = NO;
				CLANG_CXX_LANGUAGE_STANDARD = "gnu++0x";
				CLANG_CXX_LIBRARY = "libc++";
				CLANG_ENABLE_MODULES = YES;
				CLANG_ENABLE_OBJC_ARC = YES;
				CLANG_WARN_BOOL_CONVERSION = YES;
				CLANG_WARN_CONSTANT_CONVERSION = YES;
				CLANG_WARN_DIRECT_OBJC_ISA_USAGE = YES_ERROR;
				CLANG_WARN_EMPTY_BODY = YES;
				CLANG_WARN_ENUM_CONVERSION = YES;
				CLANG_WARN_INT_CONVERSION = YES;
				CLANG_WARN_OBJC_ROOT_CLASS = YES_ERROR;
				CLANG_WARN_UNREACHABLE_CODE = YES;
				CLANG_WARN__DUPLICATE_METHOD_MATCH = YES;
				"CODE_SIGN_IDENTITY[sdk=iphoneos*]" = "iPhone Developer";
				COPY_PHASE_STRIP = NO;
				DEBUG_INFORMATION_FORMAT = "dwarf-with-dsym";
				ENABLE_NS_ASSERTIONS = NO;
				ENABLE_STRICT_OBJC_MSGSEND = YES;
				GCC_C_LANGUAGE_STANDARD = gnu99;
				GCC_NO_COMMON_BLOCKS = YES;
				GCC_WARN_64_TO_32_BIT_CONVERSION = YES;
				GCC_WARN_ABOUT_RETURN_TYPE = YES_ERROR;
				GCC_WARN_UNDECLARED_SELECTOR = YES;
				GCC_WARN_UNINITIALIZED_AUTOS = YES_AGGRESSIVE;
				GCC_WARN_UNUSED_FUNCTION = YES;
				GCC_WARN_UNUSED_VARIABLE = YES;
				IPHONEOS_DEPLOYMENT_TARGET = 8.3;
				MTL_ENABLE_DEBUG_INFO = NO;
				SDKROOT = iphoneos;
				TARGETED_DEVICE_FAMILY = "1,2";
				VALIDATE_PRODUCT = YES;
			};
			name = Release;
		};
		63388D1B1B38EA2800142467 /* Debug */ = {
			isa = XCBuildConfiguration;
			buildSettings = {
				ASSETCATALOG_COMPILER_APPICON_NAME = AppIcon;
				INFOPLIST_FILE = Postcard/Info.plist;
				LD_RUNPATH_SEARCH_PATHS = "$(inherited) @executable_path/Frameworks";
				PRODUCT_NAME = "$(TARGET_NAME)";
			};
			name = Debug;
		};
		63388D1C1B38EA2800142467 /* Release */ = {
			isa = XCBuildConfiguration;
			buildSettings = {
				ASSETCATALOG_COMPILER_APPICON_NAME = AppIcon;
				INFOPLIST_FILE = Postcard/Info.plist;
				LD_RUNPATH_SEARCH_PATHS = "$(inherited) @executable_path/Frameworks";
				PRODUCT_NAME = "$(TARGET_NAME)";
			};
			name = Release;
		};
		63388D1E1B38EA2800142467 /* Debug */ = {
			isa = XCBuildConfiguration;
			buildSettings = {
				BUNDLE_LOADER = "$(TEST_HOST)";
				FRAMEWORK_SEARCH_PATHS = (
					"$(SDKROOT)/Developer/Library/Frameworks",
					"$(inherited)",
				);
				GCC_PREPROCESSOR_DEFINITIONS = (
					"DEBUG=1",
					"$(inherited)",
				);
				INFOPLIST_FILE = PostcardTests/Info.plist;
				LD_RUNPATH_SEARCH_PATHS = "$(inherited) @executable_path/Frameworks @loader_path/Frameworks";
				PRODUCT_NAME = "$(TARGET_NAME)";
				TEST_HOST = "$(BUILT_PRODUCTS_DIR)/Postcard.app/Postcard";
			};
			name = Debug;
		};
		63388D1F1B38EA2800142467 /* Release */ = {
			isa = XCBuildConfiguration;
			buildSettings = {
				BUNDLE_LOADER = "$(TEST_HOST)";
				FRAMEWORK_SEARCH_PATHS = (
					"$(SDKROOT)/Developer/Library/Frameworks",
					"$(inherited)",
				);
				INFOPLIST_FILE = PostcardTests/Info.plist;
				LD_RUNPATH_SEARCH_PATHS = "$(inherited) @executable_path/Frameworks @loader_path/Frameworks";
				PRODUCT_NAME = "$(TARGET_NAME)";
				TEST_HOST = "$(BUILT_PRODUCTS_DIR)/Postcard.app/Postcard";
			};
			name = Release;
		};
/* End XCBuildConfiguration section */

/* Begin XCConfigurationList section */
		63388CF61B38EA2800142467 /* Build configuration list for PBXProject "Postcard" */ = {
			isa = XCConfigurationList;
			buildConfigurations = (
				63388D181B38EA2800142467 /* Debug */,
				63388D191B38EA2800142467 /* Release */,
			);
			defaultConfigurationIsVisible = 0;
			defaultConfigurationName = Release;
		};
		63388D1A1B38EA2800142467 /* Build configuration list for PBXNativeTarget "Postcard" */ = {
			isa = XCConfigurationList;
			buildConfigurations = (
				63388D1B1B38EA2800142467 /* Debug */,
				63388D1C1B38EA2800142467 /* Release */,
			);
			defaultConfigurationIsVisible = 0;
		};
		63388D1D1B38EA2800142467 /* Build configuration list for PBXNativeTarget "PostcardTests" */ = {
			isa = XCConfigurationList;
			buildConfigurations = (
				63388D1E1B38EA2800142467 /* Debug */,
				63388D1F1B38EA2800142467 /* Release */,
			);
			defaultConfigurationIsVisible = 0;
		};
/* End XCConfigurationList section */
	};
	rootObject = 63388CF31B38EA2800142467 /* Project object */;
}
